<?xml version="1.0" encoding="utf-8"?>
<Project ToolsVersion="4.0" xmlns="http://schemas.microsoft.com/developer/msbuild/2003">
  <ItemGroup>
    <ClCompile Include="Framework\BgBeeGo.cpp" />
    <ClCompile Include="Framework\BgMovingGo.cpp" />
    <ClCompile Include="Framework\Branch.cpp" />
    <ClCompile Include="Framework\EffectLog.cpp" />
    <ClCompile Include="Framework\Framework.cpp" />
    <ClCompile Include="Framework\InputMgr.cpp" />
    <ClCompile Include="Framework\Utils.cpp" />
    <ClCompile Include="Framework\GameObject.cpp" />
    <ClCompile Include="main.cpp" />
    <ClCompile Include="pch.cpp" />
    <ClCompile Include="Framework\Scene.cpp" />
    <ClCompile Include="Framework\SceneMgr.cpp" />
    <ClCompile Include="Framework\SceneTitle.cpp" />
    <ClCompile Include="Framework\SceneModeSelect.cpp" />
    <ClCompile Include="Framework\SpriteGo.cpp" />
    <ClCompile Include="Framework\SceneGame.cpp" />
    <ClCompile Include="Framework\TextGo.cpp" />
    <ClCompile Include="Framework\Player.cpp" />
    <ClCompile Include="Framework\Tree.cpp" />
    <ClCompile Include="Framework\UiScore.cpp" />
    <ClCompile Include="Framework\UiTimeBar.cpp" />
    <ClCompile Include="Player1p.cpp" />
    <ClCompile Include="Player2p.cpp" />
    <ClCompile Include="SceneBattle.cpp" />
    <ClCompile Include="Framework\SceneCharacterSelect.cpp" />
  </ItemGroup>
  <ItemGroup>
    <ClInclude Include="Framework\BgBeeGo.h" />
    <ClInclude Include="Framework\BgMovingGo.h" />
    <ClInclude Include="Framework\Branch.h" />
    <ClInclude Include="Framework\EffectLog.h" />
    <ClInclude Include="Framework\Framework.h" />
    <ClInclude Include="Framework\Defines.h" />
    <ClInclude Include="Framework\InputMgr.h" />
    <ClInclude Include="Framework\ResourceMgr.h" />
    <ClInclude Include="Framework\Singleton.h" />
    <ClInclude Include="Framework\Utils.h" />
    <ClInclude Include="Framework\GameObject.h" />
    <ClInclude Include="pch.h" />
    <ClInclude Include="Framework\Scene.h" />
    <ClInclude Include="Framework\SceneMgr.h" />
    <ClInclude Include="Framework\SceneTitle.h" />
    <ClInclude Include="Framework\SceneModeSelect.h" />
    <ClInclude Include="Framework\SpriteGo.h" />
    <ClInclude Include="Framework\SceneGame.h" />
    <ClInclude Include="Framework\TextGo.h" />
    <ClInclude Include="Framework\Player.h" />
    <ClInclude Include="Framework\Tree.h" />
    <ClInclude Include="Framework\UiScore.h" />
    <ClInclude Include="Framework\UiTimeBar.h" />
    <ClInclude Include="Player1p.h" />
    <ClInclude Include="Player2p.h" />
    <ClInclude Include="SceneBattle.h" />
    <ClInclude Include="Framework\SceneCharacterSelect.h" />
  </ItemGroup>
</Project>